
Microsoft Visual Studio Solution File, Format Version 12.00
# Visual Studio Version 17
VisualStudioVersion = 17.9.34728.123
MinimumVisualStudioVersion = 10.0.40219.1
Project("{FAE04EC0-301F-11D3-BF4B-00C04F79EFBC}") = "DSEDesafio1API", "DSEDesafio1API.csproj", "{33EAD0F3-E70C-4309-82C0-C360220F376C}"
EndProject
Project("{FAE04EC0-301F-11D3-BF4B-00C04F79EFBC}") = "Desafio.BL", "..\Desafio.BL\Desafio.BL.csproj", "{1D4D3EDC-2B67-4BD3-B56D-72B9843B803C}"
EndProject
Project("{FAE04EC0-301F-11D3-BF4B-00C04F79EFBC}") = "Desafio.DAL", "..\Desafio.DAL\Desafio.DAL.csproj", "{06DD3E83-E11E-472C-9387-DB8968CD12ED}"
EndProject
Project("{FAE04EC0-301F-11D3-BF4B-00C04F79EFBC}") = "Desafio.Entities", "..\Desafio.Entities\Desafio.Entities.csproj", "{9B3447FD-C6CC-4D18-8B24-16CF76586BE2}"
EndProject
Project("{FAE04EC0-301F-11D3-BF4B-00C04F79EFBC}") = "Desafio.Common", "..\Desafio.Common\Desafio.Common.csproj", "{794BDD46-760C-49D5-9A79-28C24F605390}"
EndProject
Global
	GlobalSection(SolutionConfigurationPlatforms) = preSolution
		Debug|Any CPU = Debug|Any CPU
		Release|Any CPU = Release|Any CPU
	EndGlobalSection
	GlobalSection(ProjectConfigurationPlatforms) = postSolution
		{33EAD0F3-E70C-4309-82C0-C360220F376C}.Debug|Any CPU.ActiveCfg = Debug|Any CPU
		{33EAD0F3-E70C-4309-82C0-C360220F376C}.Debug|Any CPU.Build.0 = Debug|Any CPU
		{33EAD0F3-E70C-4309-82C0-C360220F376C}.Release|Any CPU.ActiveCfg = Release|Any CPU
		{33EAD0F3-E70C-4309-82C0-C360220F376C}.Release|Any CPU.Build.0 = Release|Any CPU
		{1D4D3EDC-2B67-4BD3-B56D-72B9843B803C}.Debug|Any CPU.ActiveCfg = Debug|Any CPU
		{1D4D3EDC-2B67-4BD3-B56D-72B9843B803C}.Debug|Any CPU.Build.0 = Debug|Any CPU
		{1D4D3EDC-2B67-4BD3-B56D-72B9843B803C}.Release|Any CPU.ActiveCfg = Release|Any CPU
		{1D4D3EDC-2B67-4BD3-B56D-72B9843B803C}.Release|Any CPU.Build.0 = Release|Any CPU
		{06DD3E83-E11E-472C-9387-DB8968CD12ED}.Debug|Any CPU.ActiveCfg = Debug|Any CPU
		{06DD3E83-E11E-472C-9387-DB8968CD12ED}.Debug|Any CPU.Build.0 = Debug|Any CPU
		{06DD3E83-E11E-472C-9387-DB8968CD12ED}.Release|Any CPU.ActiveCfg = Release|Any CPU
		{06DD3E83-E11E-472C-9387-DB8968CD12ED}.Release|Any CPU.Build.0 = Release|Any CPU
		{9B3447FD-C6CC-4D18-8B24-16CF76586BE2}.Debug|Any CPU.ActiveCfg = Debug|Any CPU
		{9B3447FD-C6CC-4D18-8B24-16CF76586BE2}.Debug|Any CPU.Build.0 = Debug|Any CPU
		{9B3447FD-C6CC-4D18-8B24-16CF76586BE2}.Release|Any CPU.ActiveCfg = Release|Any CPU
		{9B3447FD-C6CC-4D18-8B24-16CF76586BE2}.Release|Any CPU.Build.0 = Release|Any CPU
		{794BDD46-760C-49D5-9A79-28C24F605390}.Debug|Any CPU.ActiveCfg = Debug|Any CPU
		{794BDD46-760C-49D5-9A79-28C24F605390}.Debug|Any CPU.Build.0 = Debug|Any CPU
		{794BDD46-760C-49D5-9A79-28C24F605390}.Release|Any CPU.ActiveCfg = Release|Any CPU
		{794BDD46-760C-49D5-9A79-28C24F605390}.Release|Any CPU.Build.0 = Release|Any CPU
	EndGlobalSection
	GlobalSection(SolutionProperties) = preSolution
		HideSolutionNode = FALSE
	EndGlobalSection
	GlobalSection(ExtensibilityGlobals) = postSolution
		SolutionGuid = {6A5F1441-1EBC-4D8D-975B-E811629604CD}
	EndGlobalSection
EndGlobal
