
Microsoft Visual Studio Solution File, Format Version 12.00
# Visual Studio Version 17
VisualStudioVersion = 17.10.35013.160
MinimumVisualStudioVersion = 10.0.40219.1
Project("{FAE04EC0-301F-11D3-BF4B-00C04F79EFBC}") = "Desafio1MVC", "Desafio1MVC\Desafio1MVC.csproj", "{12FD7AEE-4620-4F2C-BBAF-8352EAD08C2B}"
EndProject
Global
	GlobalSection(SolutionConfigurationPlatforms) = preSolution
		Debug|Any CPU = Debug|Any CPU
		Release|Any CPU = Release|Any CPU
	EndGlobalSection
	GlobalSection(ProjectConfigurationPlatforms) = postSolution
		{12FD7AEE-4620-4F2C-BBAF-8352EAD08C2B}.Debug|Any CPU.ActiveCfg = Debug|Any CPU
		{12FD7AEE-4620-4F2C-BBAF-8352EAD08C2B}.Debug|Any CPU.Build.0 = Debug|Any CPU
		{12FD7AEE-4620-4F2C-BBAF-8352EAD08C2B}.Release|Any CPU.ActiveCfg = Release|Any CPU
		{12FD7AEE-4620-4F2C-BBAF-8352EAD08C2B}.Release|Any CPU.Build.0 = Release|Any CPU
	EndGlobalSection
	GlobalSection(SolutionProperties) = preSolution
		HideSolutionNode = FALSE
	EndGlobalSection
	GlobalSection(ExtensibilityGlobals) = postSolution
		SolutionGuid = {E1041258-4291-43B9-B5FA-5B3DBD6C4A63}
	EndGlobalSection
EndGlobal
